{
  "version": 4,
  "terraform_version": "1.9.8",
  "serial": 33,
  "lineage": "4375af46-2ebc-103c-9490-dec62198f034",
  "outputs": {},
  "resources": [
    {
      "mode": "data",
      "type": "aws_availability_zones",
      "name": "available",
      "provider": "provider[\"registry.terraform.io/hashicorp/aws\"]",
      "instances": [
        {
          "schema_version": 0,
          "attributes": {
            "all_availability_zones": null,
            "exclude_names": null,
            "exclude_zone_ids": null,
            "filter": null,
            "group_names": [
              "us-east-1"
            ],
            "id": "us-east-1",
            "names": [
              "us-east-1a",
              "us-east-1b",
              "us-east-1c",
              "us-east-1d",
              "us-east-1e",
              "us-east-1f"
            ],
            "state": null,
            "timeouts": null,
            "zone_ids": [
              "use1-az1",
              "use1-az2",
              "use1-az4",
              "use1-az6",
              "use1-az3",
              "use1-az5"
            ]
          },
          "sensitive_attributes": []
        }
      ]
    },
    {
      "mode": "data",
      "type": "aws_eks_cluster",
      "name": "selected_eks",
      "provider": "provider[\"registry.terraform.io/hashicorp/aws\"]",
      "instances": [
        {
          "schema_version": 0,
          "attributes": {
            "access_config": [
              {
                "authentication_mode": "CONFIG_MAP",
                "bootstrap_cluster_creator_admin_permissions": true
              }
            ],
            "arn": "arn:aws:eks:us-east-1:010928185677:cluster/lanchonete-eks-cluster",
            "certificate_authority": [
              {
                "data": "LS0tLS1CRUdJTiBDRVJUSUZJQ0FURS0tLS0tCk1JSURCVENDQWUyZ0F3SUJBZ0lJSDJic3ZseDVVMWd3RFFZSktvWklodmNOQVFFTEJRQXdGVEVUTUJFR0ExVUUKQXhNS2EzVmlaWEp1WlhSbGN6QWVGdzB5TkRFeU1ETXhOakl6TURWYUZ3MHpOREV5TURFeE5qSTRNRFZhTUJVeApFekFSQmdOVkJBTVRDbXQxWW1WeWJtVjBaWE13Z2dFaU1BMEdDU3FHU0liM0RRRUJBUVVBQTRJQkR3QXdnZ0VLCkFvSUJBUURLajVmRGVPckx2elVYSkkzK3lKcm5ZYm5xeDNrR3BOcjdONVZQVHpjNjB2ZmFvRFc5T2x6dmNkcUIKSVZTc0F1K2JUY0dSZjhYVXQ1K2NzTjVEOFZ1dkkzTTBYaFZDejBvbWY0cWpNUGFHUTU1c01aNTZoT1VVQThRVApCOGs2Sk9uWFVLQ2FmMEU3d0tTRVlkVUl6aVdXTGtyd2syb1l6bTcvMUdDemttWVpBSFFVb3UyTGJteTVIS2NsCnNWL2hKUE9SL0lSYWlDMTBqL3RnYW5XQmNhY0VJMHVCRktnSmxtS2dJQis2U05naXRYUnVncVdoSkdRa0IyS1kKVDNoY3dSSHptQ3Yxai93RTBtYWpDZEFubGxkb0FLd1JPOU9HekJMTnBuc3RBNE1YSCtiRGtCOTBVcmZLajlVMApScEI2K2VBSkxSekhQbENhc2tSTmtuK0l3dktQQWdNQkFBR2pXVEJYTUE0R0ExVWREd0VCL3dRRUF3SUNwREFQCkJnTlZIUk1CQWY4RUJUQURBUUgvTUIwR0ExVWREZ1FXQkJUN3N1NGo1TnpOM1BvVS9ldlBCZ29jMmltR3VEQVYKQmdOVkhSRUVEakFNZ2dwcmRXSmxjbTVsZEdWek1BMEdDU3FHU0liM0RRRUJDd1VBQTRJQkFRQk9seFY4V1NnMApOZHFUOXZYSkVpSEFFSE9BK1MwRmdZelY4SVAzSkExRDNybkhWR3RzVnlmRWQ3VDZGemFMUm1rbm56VnQyck1iClVRWjJyVGZTTXdmMXBrOE9odTBWaFY1N0s0amxSTlVqUXVRQzNpcG01NDRKcWhMK3RzMkFlTmo3QU1jQU5TUEwKL0dCOXEyUUh6WGV6Y3cySHFDWDAyVmgzbjU5VkhWaC9RMC96YTB0dWh1OTg5OEkwTTg3dTdid0pMNHNBUndyUgpJNnFXZjhOb1ZqN0R0azRoQmQrVWZhbjhoOTFOb1p5ZHFTQjM2V1ZyMnFoY1BnVk8za201UEpQNjVSSnN1d0FICkUzU2pRMzJQQ1c0RnlRekJoL2V4M0pxU1J6MDhmellLbUNOK2RQVVk2cVhlNzV0NTZZMW9MZlR4VkQ2SzB0RTMKZFp6U0FPd01TQ0l3Ci0tLS0tRU5EIENFUlRJRklDQVRFLS0tLS0K"
              }
            ],
            "cluster_id": null,
            "created_at": "2024-12-03T16:22:59Z",
            "enabled_cluster_log_types": [],
            "endpoint": "https://360BACBB8A03C7515DC2E9C9F0AD4BE9.gr7.us-east-1.eks.amazonaws.com",
            "id": "lanchonete-eks-cluster",
            "identity": [
              {
                "oidc": [
                  {
                    "issuer": "https://oidc.eks.us-east-1.amazonaws.com/id/360BACBB8A03C7515DC2E9C9F0AD4BE9"
                  }
                ]
              }
            ],
            "kubernetes_network_config": [
              {
                "ip_family": "ipv4",
                "service_ipv4_cidr": "172.20.0.0/16",
                "service_ipv6_cidr": ""
              }
            ],
            "name": "lanchonete-eks-cluster",
            "outpost_config": [],
            "platform_version": "eks.23",
            "role_arn": "arn:aws:iam::010928185677:role/eks-cluster-role",
            "status": "ACTIVE",
            "tags": {
              "Name": "eks-cluster"
            },
            "upgrade_policy": [
              {
                "support_type": "EXTENDED"
              }
            ],
            "version": "1.29",
            "vpc_config": [
              {
                "cluster_security_group_id": "sg-09dc4dfda4342ac50",
                "endpoint_private_access": false,
                "endpoint_public_access": true,
                "public_access_cidrs": [
                  "0.0.0.0/0"
                ],
                "security_group_ids": [
                  "sg-03e56b3e2a445112e"
                ],
                "subnet_ids": [
                  "subnet-0023705385730a109",
                  "subnet-0977b76009579a5de"
                ],
                "vpc_id": "vpc-043bb585f7b90d39d"
              }
            ],
            "zonal_shift_config": []
          },
          "sensitive_attributes": []
        }
      ]
    },
    {
      "mode": "data",
      "type": "aws_subnets",
      "name": "eks_subnets",
      "provider": "provider[\"registry.terraform.io/hashicorp/aws\"]",
      "instances": [
        {
          "schema_version": 0,
          "attributes": {
            "filter": [
              {
                "name": "vpc-id",
                "values": [
                  "vpc-043bb585f7b90d39d"
                ]
              }
            ],
            "id": "us-east-1",
            "ids": [
              "subnet-0023705385730a109",
              "subnet-0977b76009579a5de"
            ],
            "tags": null,
            "timeouts": null
          },
          "sensitive_attributes": []
        }
      ]
    },
    {
      "mode": "data",
      "type": "aws_vpc",
      "name": "eks_vpc",
      "provider": "provider[\"registry.terraform.io/hashicorp/aws\"]",
      "instances": [
        {
          "schema_version": 0,
          "attributes": {
            "arn": "arn:aws:ec2:us-east-1:010928185677:vpc/vpc-043bb585f7b90d39d",
            "cidr_block": "10.0.0.0/16",
            "cidr_block_associations": [
              {
                "association_id": "vpc-cidr-assoc-0763c90ad0acf455f",
                "cidr_block": "10.0.0.0/16",
                "state": "associated"
              }
            ],
            "default": false,
            "dhcp_options_id": "dopt-036d1399f7e7963d2",
            "enable_dns_hostnames": true,
            "enable_dns_support": true,
            "enable_network_address_usage_metrics": false,
            "filter": null,
            "id": "vpc-043bb585f7b90d39d",
            "instance_tenancy": "default",
            "ipv6_association_id": "",
            "ipv6_cidr_block": "",
            "main_route_table_id": "rtb-0648ccb994127a3f1",
            "owner_id": "010928185677",
            "state": null,
            "tags": {
              "Name": "eks-vpc"
            },
            "timeouts": null
          },
          "sensitive_attributes": []
        }
      ]
    },
    {
      "mode": "managed",
      "type": "aws_docdb_cluster",
      "name": "docdb_cluster",
      "provider": "provider[\"registry.terraform.io/hashicorp/aws\"]",
      "instances": [
        {
          "schema_version": 0,
          "attributes": {
            "allow_major_version_upgrade": null,
            "apply_immediately": null,
            "arn": "arn:aws:rds:us-east-1:010928185677:cluster:lanchonete-order-docdb-cluster",
            "availability_zones": [
              "us-east-1a",
              "us-east-1b",
              "us-east-1d"
            ],
            "backup_retention_period": 1,
            "cluster_identifier": "lanchonete-order-docdb-cluster",
            "cluster_identifier_prefix": "",
            "cluster_members": [],
            "cluster_resource_id": "cluster-5ZZITSTFVOM74HMBIU5OUK7DW4",
            "db_cluster_parameter_group_name": "default.docdb5.0",
            "db_subnet_group_name": "lanchonete-order-docdb-subnet-group",
            "deletion_protection": false,
            "enabled_cloudwatch_logs_exports": null,
            "endpoint": "lanchonete-order-docdb-cluster.cluster-c1428q0gijk9.us-east-1.docdb.amazonaws.com",
            "engine": "docdb",
            "engine_version": "5.0.0",
            "final_snapshot_identifier": null,
            "global_cluster_identifier": "",
            "hosted_zone_id": "ZNKXH85TT8WVW",
            "id": "lanchonete-order-docdb-cluster",
            "kms_key_id": "",
            "master_password": "rmontoza",
            "master_username": "fiaplanchonete",
            "port": 27017,
            "preferred_backup_window": "08:41-09:11",
            "preferred_maintenance_window": "sun:10:18-sun:10:48",
            "reader_endpoint": "lanchonete-order-docdb-cluster.cluster-ro-c1428q0gijk9.us-east-1.docdb.amazonaws.com",
            "restore_to_point_in_time": [],
            "skip_final_snapshot": true,
            "snapshot_identifier": null,
            "storage_encrypted": false,
            "storage_type": "",
            "tags": {
              "Name": "lanchonete-order-docdb-cluster"
            },
            "tags_all": {
              "Name": "lanchonete-order-docdb-cluster"
            },
            "timeouts": null,
            "vpc_security_group_ids": [
              "sg-01fee8ceda3e3737e"
            ]
          },
          "sensitive_attributes": [
            [
              {
                "type": "get_attr",
                "value": "master_password"
              }
            ]
          ],
          "private": "eyJlMmJmYjczMC1lY2FhLTExZTYtOGY4OC0zNDM2M2JjN2M0YzAiOnsiY3JlYXRlIjo3MjAwMDAwMDAwMDAwLCJkZWxldGUiOjcyMDAwMDAwMDAwMDAsInVwZGF0ZSI6NzIwMDAwMDAwMDAwMH19",
          "dependencies": [
            "aws_docdb_subnet_group.docdb_subnet_group",
            "aws_security_group.docdb_sg",
            "data.aws_eks_cluster.selected_eks",
            "data.aws_subnets.eks_subnets",
            "data.aws_vpc.eks_vpc"
          ]
        }
      ]
    },
    {
      "mode": "managed",
      "type": "aws_docdb_cluster_instance",
      "name": "docdb_instance",
      "provider": "provider[\"registry.terraform.io/hashicorp/aws\"]",
      "instances": [
        {
          "index_key": 0,
          "schema_version": 0,
          "attributes": {
            "apply_immediately": null,
            "arn": "arn:aws:rds:us-east-1:010928185677:db:lanchonete-order-docdb-instance-0",
            "auto_minor_version_upgrade": true,
            "availability_zone": "us-east-1b",
            "ca_cert_identifier": "rds-ca-rsa2048-g1",
            "cluster_identifier": "lanchonete-order-docdb-cluster",
            "copy_tags_to_snapshot": false,
            "db_subnet_group_name": "lanchonete-order-docdb-subnet-group",
            "dbi_resource_id": "db-KCTR5FN2KI3NKC5H4OIXROWIFU",
            "enable_performance_insights": null,
            "endpoint": "lanchonete-order-docdb-instance-0.c1428q0gijk9.us-east-1.docdb.amazonaws.com",
            "engine": "docdb",
            "engine_version": "5.0.0",
            "id": "lanchonete-order-docdb-instance-0",
            "identifier": "lanchonete-order-docdb-instance-0",
            "identifier_prefix": "",
            "instance_class": "db.t3.medium",
            "kms_key_id": "",
            "performance_insights_kms_key_id": null,
            "port": 27017,
            "preferred_backup_window": "08:41-09:11",
            "preferred_maintenance_window": "sat:03:32-sat:04:02",
            "promotion_tier": 0,
            "publicly_accessible": false,
            "storage_encrypted": false,
            "tags": {
              "Name": "lanchonete-order-docdb-instance"
            },
            "tags_all": {
              "Name": "lanchonete-order-docdb-instance"
            },
            "timeouts": null,
            "writer": true
          },
          "sensitive_attributes": [],
          "private": "eyJlMmJmYjczMC1lY2FhLTExZTYtOGY4OC0zNDM2M2JjN2M0YzAiOnsiY3JlYXRlIjo1NDAwMDAwMDAwMDAwLCJkZWxldGUiOjU0MDAwMDAwMDAwMDAsInVwZGF0ZSI6NTQwMDAwMDAwMDAwMH19",
          "dependencies": [
            "aws_docdb_cluster.docdb_cluster",
            "aws_docdb_subnet_group.docdb_subnet_group",
            "aws_security_group.docdb_sg",
            "data.aws_eks_cluster.selected_eks",
            "data.aws_subnets.eks_subnets",
            "data.aws_vpc.eks_vpc"
          ]
        }
      ]
    },
    {
      "mode": "managed",
      "type": "aws_docdb_subnet_group",
      "name": "docdb_subnet_group",
      "provider": "provider[\"registry.terraform.io/hashicorp/aws\"]",
      "instances": [
        {
          "schema_version": 0,
          "attributes": {
            "arn": "arn:aws:rds:us-east-1:010928185677:subgrp:lanchonete-order-docdb-subnet-group",
            "description": "Managed by Terraform",
            "id": "lanchonete-order-docdb-subnet-group",
            "name": "lanchonete-order-docdb-subnet-group",
            "name_prefix": "",
            "subnet_ids": [
              "subnet-0023705385730a109",
              "subnet-0977b76009579a5de"
            ],
            "tags": {
              "Name": "docdb-subnet-group"
            },
            "tags_all": {
              "Name": "docdb-subnet-group"
            }
          },
          "sensitive_attributes": [],
          "private": "bnVsbA==",
          "dependencies": [
            "data.aws_eks_cluster.selected_eks",
            "data.aws_subnets.eks_subnets",
            "data.aws_vpc.eks_vpc"
          ]
        }
      ]
    },
    {
      "mode": "managed",
      "type": "aws_security_group",
      "name": "docdb_sg",
      "provider": "provider[\"registry.terraform.io/hashicorp/aws\"]",
      "instances": [
        {
          "schema_version": 1,
          "attributes": {
            "arn": "arn:aws:ec2:us-east-1:010928185677:security-group/sg-01fee8ceda3e3737e",
            "description": "Managed by Terraform",
            "egress": [
              {
                "cidr_blocks": [
                  "0.0.0.0/0"
                ],
                "description": "",
                "from_port": 0,
                "ipv6_cidr_blocks": [],
                "prefix_list_ids": [],
                "protocol": "-1",
                "security_groups": [],
                "self": false,
                "to_port": 0
              }
            ],
            "id": "sg-01fee8ceda3e3737e",
            "ingress": [
              {
                "cidr_blocks": [
                  "0.0.0.0/0"
                ],
                "description": "",
                "from_port": 27017,
                "ipv6_cidr_blocks": [],
                "prefix_list_ids": [],
                "protocol": "tcp",
                "security_groups": [],
                "self": false,
                "to_port": 27017
              }
            ],
            "name": "terraform-20241203164030052700000001",
            "name_prefix": "terraform-",
            "owner_id": "010928185677",
            "revoke_rules_on_delete": false,
            "tags": {
              "Name": "docdb-security-group"
            },
            "tags_all": {
              "Name": "docdb-security-group"
            },
            "timeouts": null,
            "vpc_id": "vpc-043bb585f7b90d39d"
          },
          "sensitive_attributes": [],
          "private": "eyJlMmJmYjczMC1lY2FhLTExZTYtOGY4OC0zNDM2M2JjN2M0YzAiOnsiY3JlYXRlIjo2MDAwMDAwMDAwMDAsImRlbGV0ZSI6OTAwMDAwMDAwMDAwfSwic2NoZW1hX3ZlcnNpb24iOiIxIn0=",
          "dependencies": [
            "data.aws_eks_cluster.selected_eks",
            "data.aws_vpc.eks_vpc"
          ]
        }
      ]
    }
  ],
  "check_results": null
}
